# @generated by Move, please check-in and do not edit manually.

[move]
version = 2
manifest_digest = "636BC090247DE301EBE0DE9B4E67938089DEF8270E1F40A7D6F227DBB85BCEB8"
deps_digest = "F8BBB0CCB2491CA29A3DF03D6F92277A4F3574266507ACD77214D37ECA3F3082"
dependencies = [
  { name = "Sui" },
]

[[move.package]]
name = "MoveStdlib"
source = { git = "https://github.com/MystenLabs/sui.git", rev = "framework/devnet", subdir = "crates/sui-framework/packages/move-stdlib" }

[[move.package]]
name = "Sui"
source = { git = "https://github.com/MystenLabs/sui.git", rev = "framework/devnet", subdir = "crates/sui-framework/packages/sui-framework" }

dependencies = [
  { name = "MoveStdlib" },
]

[move.toolchain-version]
compiler-version = "1.23.1"
edition = "legacy"
flavor = "sui"

[env]

[env.devnet]
chain-id = "aba66e60"
original-published-id = "0x8cbd21174785d60b2727c2d957b275548876fb10690f195a3261812b815d8b1d"
latest-published-id = "0x8cbd21174785d60b2727c2d957b275548876fb10690f195a3261812b815d8b1d"
published-version = "1"
